
Microsoft Visual Studio Solution File, Format Version 12.00
# Visual Studio 15
VisualStudioVersion = 15.0.27130.0
MinimumVisualStudioVersion = 10.0.40219.1
Project("{FAE04EC0-301F-11D3-BF4B-00C04F79EFBC}") = "ACM.Win", "ACM.Win\ACM.Win.csproj", "{856CA2B8-8C37-4F7D-97F6-8F072FE063CE}"
EndProject
Project("{FAE04EC0-301F-11D3-BF4B-00C04F79EFBC}") = "ACM.BL", "ACM.BL\ACM.BL.csproj", "{4E57E04A-F457-4842-9E50-771D24EE4F5D}"
EndProject
Project("{FAE04EC0-301F-11D3-BF4B-00C04F79EFBC}") = "Core.Common", "Core.Common\Core.Common.csproj", "{1E84DB76-923F-4CD2-9A73-D224D29C6668}"
EndProject
Project("{FAE04EC0-301F-11D3-BF4B-00C04F79EFBC}") = "ACM.BLTest", "ACM.BLTest\ACM.BLTest.csproj", "{071534E7-3A29-471D-96E1-75AED7B29AA8}"
EndProject
Project("{2150E333-8FDC-42A3-9474-1A3956D46DE8}") = "Tests", "Tests", "{0409242C-FEFA-46C0-8BC5-74EBB4BA7D61}"
EndProject
Project("{FAE04EC0-301F-11D3-BF4B-00C04F79EFBC}") = "OrderControllerTest", "OrderControllerTest\OrderControllerTest.csproj", "{C96B37FB-6D41-4502-A31B-0265C7386CA2}"
EndProject
Global
	GlobalSection(SolutionConfigurationPlatforms) = preSolution
		Debug|Any CPU = Debug|Any CPU
		Debug|x86 = Debug|x86
		Release|Any CPU = Release|Any CPU
		Release|x86 = Release|x86
	EndGlobalSection
	GlobalSection(ProjectConfigurationPlatforms) = postSolution
		{856CA2B8-8C37-4F7D-97F6-8F072FE063CE}.Debug|Any CPU.ActiveCfg = Debug|Any CPU
		{856CA2B8-8C37-4F7D-97F6-8F072FE063CE}.Debug|Any CPU.Build.0 = Debug|Any CPU
		{856CA2B8-8C37-4F7D-97F6-8F072FE063CE}.Debug|x86.ActiveCfg = Debug|x86
		{856CA2B8-8C37-4F7D-97F6-8F072FE063CE}.Debug|x86.Build.0 = Debug|x86
		{856CA2B8-8C37-4F7D-97F6-8F072FE063CE}.Release|Any CPU.ActiveCfg = Release|Any CPU
		{856CA2B8-8C37-4F7D-97F6-8F072FE063CE}.Release|Any CPU.Build.0 = Release|Any CPU
		{856CA2B8-8C37-4F7D-97F6-8F072FE063CE}.Release|x86.ActiveCfg = Release|x86
		{856CA2B8-8C37-4F7D-97F6-8F072FE063CE}.Release|x86.Build.0 = Release|x86
		{4E57E04A-F457-4842-9E50-771D24EE4F5D}.Debug|Any CPU.ActiveCfg = Debug|Any CPU
		{4E57E04A-F457-4842-9E50-771D24EE4F5D}.Debug|Any CPU.Build.0 = Debug|Any CPU
		{4E57E04A-F457-4842-9E50-771D24EE4F5D}.Debug|x86.ActiveCfg = Debug|Any CPU
		{4E57E04A-F457-4842-9E50-771D24EE4F5D}.Debug|x86.Build.0 = Debug|Any CPU
		{4E57E04A-F457-4842-9E50-771D24EE4F5D}.Release|Any CPU.ActiveCfg = Release|Any CPU
		{4E57E04A-F457-4842-9E50-771D24EE4F5D}.Release|Any CPU.Build.0 = Release|Any CPU
		{4E57E04A-F457-4842-9E50-771D24EE4F5D}.Release|x86.ActiveCfg = Release|Any CPU
		{4E57E04A-F457-4842-9E50-771D24EE4F5D}.Release|x86.Build.0 = Release|Any CPU
		{1E84DB76-923F-4CD2-9A73-D224D29C6668}.Debug|Any CPU.ActiveCfg = Debug|Any CPU
		{1E84DB76-923F-4CD2-9A73-D224D29C6668}.Debug|Any CPU.Build.0 = Debug|Any CPU
		{1E84DB76-923F-4CD2-9A73-D224D29C6668}.Debug|x86.ActiveCfg = Debug|Any CPU
		{1E84DB76-923F-4CD2-9A73-D224D29C6668}.Debug|x86.Build.0 = Debug|Any CPU
		{1E84DB76-923F-4CD2-9A73-D224D29C6668}.Release|Any CPU.ActiveCfg = Release|Any CPU
		{1E84DB76-923F-4CD2-9A73-D224D29C6668}.Release|Any CPU.Build.0 = Release|Any CPU
		{1E84DB76-923F-4CD2-9A73-D224D29C6668}.Release|x86.ActiveCfg = Release|Any CPU
		{1E84DB76-923F-4CD2-9A73-D224D29C6668}.Release|x86.Build.0 = Release|Any CPU
		{071534E7-3A29-471D-96E1-75AED7B29AA8}.Debug|Any CPU.ActiveCfg = Debug|Any CPU
		{071534E7-3A29-471D-96E1-75AED7B29AA8}.Debug|Any CPU.Build.0 = Debug|Any CPU
		{071534E7-3A29-471D-96E1-75AED7B29AA8}.Debug|x86.ActiveCfg = Debug|Any CPU
		{071534E7-3A29-471D-96E1-75AED7B29AA8}.Debug|x86.Build.0 = Debug|Any CPU
		{071534E7-3A29-471D-96E1-75AED7B29AA8}.Release|Any CPU.ActiveCfg = Release|Any CPU
		{071534E7-3A29-471D-96E1-75AED7B29AA8}.Release|Any CPU.Build.0 = Release|Any CPU
		{071534E7-3A29-471D-96E1-75AED7B29AA8}.Release|x86.ActiveCfg = Release|Any CPU
		{071534E7-3A29-471D-96E1-75AED7B29AA8}.Release|x86.Build.0 = Release|Any CPU
		{C96B37FB-6D41-4502-A31B-0265C7386CA2}.Debug|Any CPU.ActiveCfg = Debug|Any CPU
		{C96B37FB-6D41-4502-A31B-0265C7386CA2}.Debug|Any CPU.Build.0 = Debug|Any CPU
		{C96B37FB-6D41-4502-A31B-0265C7386CA2}.Debug|x86.ActiveCfg = Debug|Any CPU
		{C96B37FB-6D41-4502-A31B-0265C7386CA2}.Debug|x86.Build.0 = Debug|Any CPU
		{C96B37FB-6D41-4502-A31B-0265C7386CA2}.Release|Any CPU.ActiveCfg = Release|Any CPU
		{C96B37FB-6D41-4502-A31B-0265C7386CA2}.Release|Any CPU.Build.0 = Release|Any CPU
		{C96B37FB-6D41-4502-A31B-0265C7386CA2}.Release|x86.ActiveCfg = Release|Any CPU
		{C96B37FB-6D41-4502-A31B-0265C7386CA2}.Release|x86.Build.0 = Release|Any CPU
	EndGlobalSection
	GlobalSection(SolutionProperties) = preSolution
		HideSolutionNode = FALSE
	EndGlobalSection
	GlobalSection(NestedProjects) = preSolution
		{071534E7-3A29-471D-96E1-75AED7B29AA8} = {0409242C-FEFA-46C0-8BC5-74EBB4BA7D61}
		{C96B37FB-6D41-4502-A31B-0265C7386CA2} = {0409242C-FEFA-46C0-8BC5-74EBB4BA7D61}
	EndGlobalSection
	GlobalSection(ExtensibilityGlobals) = postSolution
		SolutionGuid = {5FCCCCE0-C973-4ADC-9067-3C60F4424920}
	EndGlobalSection
EndGlobal
